// !$*UTF8*$!
{
	archiveVersion = 1;
	classes = {
	};
	objectVersion = 56;
	objects = {

/* Begin PBXBuildFile section */
		222285202B53132B00EC378F /* TintColor.swift in Sources */ = {isa = PBXBuildFile; fileRef = 22B916BA2B2F188700AE8208 /* TintColor.swift */; };
		222967F72B59E4D000A3FB3E /* BlueCardView.swift in Sources */ = {isa = PBXBuildFile; fileRef = 222967F62B59E4D000A3FB3E /* BlueCardView.swift */; };
		2247FEB42B4500A000C8DE1D /* ChartModel.swift in Sources */ = {isa = PBXBuildFile; fileRef = 2247FEB32B4500A000C8DE1D /* ChartModel.swift */; };
		224C90D82B293DAC001F4BE7 /* InpensaApp.swift in Sources */ = {isa = PBXBuildFile; fileRef = 224C90D72B293DAC001F4BE7 /* InpensaApp.swift */; };
		224C90DA2B293DAC001F4BE7 /* ContentView.swift in Sources */ = {isa = PBXBuildFile; fileRef = 224C90D92B293DAC001F4BE7 /* ContentView.swift */; };
		224C90DF2B293DAE001F4BE7 /* Preview Assets.xcassets in Resources */ = {isa = PBXBuildFile; fileRef = 224C90DE2B293DAE001F4BE7 /* Preview Assets.xcassets */; };
		224C90E82B294422001F4BE7 /* IntroScene.swift in Sources */ = {isa = PBXBuildFile; fileRef = 224C90E72B294422001F4BE7 /* IntroScene.swift */; };
		224C90EB2B294CF2001F4BE7 /* Helpers.swift in Sources */ = {isa = PBXBuildFile; fileRef = 224C90EA2B294CF2001F4BE7 /* Helpers.swift */; };
		224C90ED2B2956B5001F4BE7 /* Tab.swift in Sources */ = {isa = PBXBuildFile; fileRef = 224C90EC2B2956B5001F4BE7 /* Tab.swift */; };
		224F9DD72B4B9D88000E2D0C /* InpensaTests.swift in Sources */ = {isa = PBXBuildFile; fileRef = 224F9DD62B4B9D88000E2D0C /* InpensaTests.swift */; };
		224F9DDE2B4BACFA000E2D0C /* ModelMockContainer.swift in Sources */ = {isa = PBXBuildFile; fileRef = 224F9DDD2B4BACFA000E2D0C /* ModelMockContainer.swift */; };
		224F9DDF2B4BAEF3000E2D0C /* Transaction.swift in Sources */ = {isa = PBXBuildFile; fileRef = 22B916B82B2F15F700AE8208 /* Transaction.swift */; };
		225078A32B4B40A7008752B0 /* StatsCardView.swift in Sources */ = {isa = PBXBuildFile; fileRef = 225222242B4A345300D8BFB9 /* StatsCardView.swift */; };
		2252221F2B4A345300D8BFB9 /* WidgetKit.framework in Frameworks */ = {isa = PBXBuildFile; fileRef = 225D0B122B491D6600478FFD /* WidgetKit.framework */; };
		225222202B4A345300D8BFB9 /* SwiftUI.framework in Frameworks */ = {isa = PBXBuildFile; fileRef = 225D0B142B491D6600478FFD /* SwiftUI.framework */; };
		225222232B4A345300D8BFB9 /* StatsCardViewBundle.swift in Sources */ = {isa = PBXBuildFile; fileRef = 225222222B4A345300D8BFB9 /* StatsCardViewBundle.swift */; };
		2252222B2B4A345400D8BFB9 /* StatsCardViewExtension.appex in Embed Foundation Extensions */ = {isa = PBXBuildFile; fileRef = 2252221E2B4A345300D8BFB9 /* StatsCardViewExtension.appex */; settings = {ATTRIBUTES = (RemoveHeadersOnCopy, ); }; };
		225222312B4A3A0300D8BFB9 /* FilterTransactionsView.swift in Sources */ = {isa = PBXBuildFile; fileRef = 225D0B2B2B492D8F00478FFD /* FilterTransactionsView.swift */; };
		225222322B4A3A4A00D8BFB9 /* CardView.swift in Sources */ = {isa = PBXBuildFile; fileRef = 22FA909A2B37337B00358135 /* CardView.swift */; };
		225222332B4A3A7700D8BFB9 /* View+Extensions.swift in Sources */ = {isa = PBXBuildFile; fileRef = 22FA90952B32225200358135 /* View+Extensions.swift */; };
		225222342B4A3A9400D8BFB9 /* Date+Extensions.swift in Sources */ = {isa = PBXBuildFile; fileRef = 22FA90972B37268200358135 /* Date+Extensions.swift */; };
		225222352B4A3AD400D8BFB9 /* Category.swift in Sources */ = {isa = PBXBuildFile; fileRef = 22B916B62B2F153D00AE8208 /* Category.swift */; };
		225222372B4A3B7100D8BFB9 /* Helpers.swift in Sources */ = {isa = PBXBuildFile; fileRef = 224C90EA2B294CF2001F4BE7 /* Helpers.swift */; };
		225222382B4A3FC900D8BFB9 /* Transaction.swift in Sources */ = {isa = PBXBuildFile; fileRef = 22B916B82B2F15F700AE8208 /* Transaction.swift */; };
		225222392B4A404200D8BFB9 /* TintColor.swift in Sources */ = {isa = PBXBuildFile; fileRef = 22B916BA2B2F188700AE8208 /* TintColor.swift */; };
		2256BE842B4D734D00DC834A /* Assets.xcassets in Resources */ = {isa = PBXBuildFile; fileRef = 2256BE832B4D734D00DC834A /* Assets.xcassets */; };
		2256BE8E2B4D798D00DC834A /* Assets.xcassets in Resources */ = {isa = PBXBuildFile; fileRef = 2256BE8D2B4D798D00DC834A /* Assets.xcassets */; };
		225D0B2C2B492D8F00478FFD /* FilterTransactionsView.swift in Sources */ = {isa = PBXBuildFile; fileRef = 225D0B2B2B492D8F00478FFD /* FilterTransactionsView.swift */; };
		22661E2F2B6E835600614705 /* Assets.xcassets in Resources */ = {isa = PBXBuildFile; fileRef = 22661E2E2B6E835600614705 /* Assets.xcassets */; };
		2268622B2B53082800140536 /* InpensaUITests.swift in Sources */ = {isa = PBXBuildFile; fileRef = 2268622A2B53082800140536 /* InpensaUITests.swift */; };
		2268622D2B53082800140536 /* InpensaUITestsLaunchTests.swift in Sources */ = {isa = PBXBuildFile; fileRef = 2268622C2B53082800140536 /* InpensaUITestsLaunchTests.swift */; };
		22B916B72B2F153D00AE8208 /* Category.swift in Sources */ = {isa = PBXBuildFile; fileRef = 22B916B62B2F153D00AE8208 /* Category.swift */; };
		22B916B92B2F15F700AE8208 /* Transaction.swift in Sources */ = {isa = PBXBuildFile; fileRef = 22B916B82B2F15F700AE8208 /* Transaction.swift */; };
		22B916BB2B2F188700AE8208 /* TintColor.swift in Sources */ = {isa = PBXBuildFile; fileRef = 22B916BA2B2F188700AE8208 /* TintColor.swift */; };
		22B916BD2B31C07A00AE8208 /* Recents.swift in Sources */ = {isa = PBXBuildFile; fileRef = 22B916BC2B31C07A00AE8208 /* Recents.swift */; };
		22B916BF2B31C09E00AE8208 /* Search.swift in Sources */ = {isa = PBXBuildFile; fileRef = 22B916BE2B31C09E00AE8208 /* Search.swift */; };
		22B916C12B31C0BF00AE8208 /* Graphs.swift in Sources */ = {isa = PBXBuildFile; fileRef = 22B916C02B31C0BF00AE8208 /* Graphs.swift */; };
		22B916C32B31C1AF00AE8208 /* Settings.swift in Sources */ = {isa = PBXBuildFile; fileRef = 22B916C22B31C1AF00AE8208 /* Settings.swift */; };
		22DE18412B698F1B00239FE6 /* Recents2.swift in Sources */ = {isa = PBXBuildFile; fileRef = 22DE18402B698F1B00239FE6 /* Recents2.swift */; };
		22DE18432B69935100239FE6 /* Test.swift in Sources */ = {isa = PBXBuildFile; fileRef = 22DE18422B69935100239FE6 /* Test.swift */; };
		22DE18462B69976500239FE6 /* Assets.xcassets in Resources */ = {isa = PBXBuildFile; fileRef = 22DE18452B69976500239FE6 /* Assets.xcassets */; };
		22DE18492B6997EF00239FE6 /* ScrollDetector.swift in Sources */ = {isa = PBXBuildFile; fileRef = 22DE18482B6997EF00239FE6 /* ScrollDetector.swift */; };
		22FA90962B32225200358135 /* View+Extensions.swift in Sources */ = {isa = PBXBuildFile; fileRef = 22FA90952B32225200358135 /* View+Extensions.swift */; };
		22FA90982B37268200358135 /* Date+Extensions.swift in Sources */ = {isa = PBXBuildFile; fileRef = 22FA90972B37268200358135 /* Date+Extensions.swift */; };
		22FA909B2B37337B00358135 /* CardView.swift in Sources */ = {isa = PBXBuildFile; fileRef = 22FA909A2B37337B00358135 /* CardView.swift */; };
		22FA909D2B37589A00358135 /* TransactionCardView.swift in Sources */ = {isa = PBXBuildFile; fileRef = 22FA909C2B37589A00358135 /* TransactionCardView.swift */; };
		22FA909F2B3A04AB00358135 /* SwipeAction.swift in Sources */ = {isa = PBXBuildFile; fileRef = 22FA909E2B3A04AB00358135 /* SwipeAction.swift */; };
		22FA90A12B3A121B00358135 /* DateFilterView.swift in Sources */ = {isa = PBXBuildFile; fileRef = 22FA90A02B3A121B00358135 /* DateFilterView.swift */; };
		22FA90C02B3D819300358135 /* LockView.swift in Sources */ = {isa = PBXBuildFile; fileRef = 22FA90BF2B3D819300358135 /* LockView.swift */; };
		22FA90C22B3E3B1C00358135 /* TransactionsView.swift in Sources */ = {isa = PBXBuildFile; fileRef = 22FA90C12B3E3B1C00358135 /* TransactionsView.swift */; };
/* End PBXBuildFile section */

/* Begin PBXContainerItemProxy section */
		224F9DD82B4B9D88000E2D0C /* PBXContainerItemProxy */ = {
			isa = PBXContainerItemProxy;
			containerPortal = 224C90CC2B293DAC001F4BE7 /* Project object */;
			proxyType = 1;
			remoteGlobalIDString = 224C90D32B293DAC001F4BE7;
			remoteInfo = Inpensa;
		};
		225222292B4A345400D8BFB9 /* PBXContainerItemProxy */ = {
			isa = PBXContainerItemProxy;
			containerPortal = 224C90CC2B293DAC001F4BE7 /* Project object */;
			proxyType = 1;
			remoteGlobalIDString = 2252221D2B4A345300D8BFB9;
			remoteInfo = StatsCardViewExtension;
		};
		2268622E2B53082800140536 /* PBXContainerItemProxy */ = {
			isa = PBXContainerItemProxy;
			containerPortal = 224C90CC2B293DAC001F4BE7 /* Project object */;
			proxyType = 1;
			remoteGlobalIDString = 224C90D32B293DAC001F4BE7;
			remoteInfo = Inpensa;
		};
/* End PBXContainerItemProxy section */

/* Begin PBXCopyFilesBuildPhase section */
		225D0B212B491D6800478FFD /* Embed Foundation Extensions */ = {
			isa = PBXCopyFilesBuildPhase;
			buildActionMask = 2147483647;
			dstPath = "";
			dstSubfolderSpec = 13;
			files = (
				2252222B2B4A345400D8BFB9 /* StatsCardViewExtension.appex in Embed Foundation Extensions */,
			);
			name = "Embed Foundation Extensions";
			runOnlyForDeploymentPostprocessing = 0;
		};
/* End PBXCopyFilesBuildPhase section */

/* Begin PBXFileReference section */
		222967F62B59E4D000A3FB3E /* BlueCardView.swift */ = {isa = PBXFileReference; lastKnownFileType = sourcecode.swift; path = BlueCardView.swift; sourceTree = "<group>"; };
		2247FEB32B4500A000C8DE1D /* ChartModel.swift */ = {isa = PBXFileReference; lastKnownFileType = sourcecode.swift; path = ChartModel.swift; sourceTree = "<group>"; };
		224C90D42B293DAC001F4BE7 /* Inpensa.app */ = {isa = PBXFileReference; explicitFileType = wrapper.application; includeInIndex = 0; path = Inpensa.app; sourceTree = BUILT_PRODUCTS_DIR; };
		224C90D72B293DAC001F4BE7 /* InpensaApp.swift */ = {isa = PBXFileReference; lastKnownFileType = sourcecode.swift; path = InpensaApp.swift; sourceTree = "<group>"; };
		224C90D92B293DAC001F4BE7 /* ContentView.swift */ = {isa = PBXFileReference; lastKnownFileType = sourcecode.swift; path = ContentView.swift; sourceTree = "<group>"; };
		224C90DE2B293DAE001F4BE7 /* Preview Assets.xcassets */ = {isa = PBXFileReference; lastKnownFileType = folder.assetcatalog; path = "Preview Assets.xcassets"; sourceTree = "<group>"; };
		224C90E72B294422001F4BE7 /* IntroScene.swift */ = {isa = PBXFileReference; lastKnownFileType = sourcecode.swift; path = IntroScene.swift; sourceTree = "<group>"; };
		224C90EA2B294CF2001F4BE7 /* Helpers.swift */ = {isa = PBXFileReference; lastKnownFileType = sourcecode.swift; path = Helpers.swift; sourceTree = "<group>"; };
		224C90EC2B2956B5001F4BE7 /* Tab.swift */ = {isa = PBXFileReference; lastKnownFileType = sourcecode.swift; path = Tab.swift; sourceTree = "<group>"; };
		224F9DD42B4B9D88000E2D0C /* InpensaTests.xctest */ = {isa = PBXFileReference; explicitFileType = wrapper.cfbundle; includeInIndex = 0; path = InpensaTests.xctest; sourceTree = BUILT_PRODUCTS_DIR; };
		224F9DD62B4B9D88000E2D0C /* InpensaTests.swift */ = {isa = PBXFileReference; lastKnownFileType = sourcecode.swift; path = InpensaTests.swift; sourceTree = "<group>"; };
		224F9DDD2B4BACFA000E2D0C /* ModelMockContainer.swift */ = {isa = PBXFileReference; lastKnownFileType = sourcecode.swift; path = ModelMockContainer.swift; sourceTree = "<group>"; };
		225078A12B4B1E5C008752B0 /* Inpensa.entitlements */ = {isa = PBXFileReference; lastKnownFileType = text.plist.entitlements; path = Inpensa.entitlements; sourceTree = "<group>"; };
		225078A22B4B2B6D008752B0 /* StatsCardViewExtension.entitlements */ = {isa = PBXFileReference; lastKnownFileType = text.plist.entitlements; path = StatsCardViewExtension.entitlements; sourceTree = "<group>"; };
		2252221E2B4A345300D8BFB9 /* StatsCardViewExtension.appex */ = {isa = PBXFileReference; explicitFileType = "wrapper.app-extension"; includeInIndex = 0; path = StatsCardViewExtension.appex; sourceTree = BUILT_PRODUCTS_DIR; };
		225222222B4A345300D8BFB9 /* StatsCardViewBundle.swift */ = {isa = PBXFileReference; lastKnownFileType = sourcecode.swift; path = StatsCardViewBundle.swift; sourceTree = "<group>"; };
		225222242B4A345300D8BFB9 /* StatsCardView.swift */ = {isa = PBXFileReference; lastKnownFileType = sourcecode.swift; path = StatsCardView.swift; sourceTree = "<group>"; };
		225222282B4A345400D8BFB9 /* Info.plist */ = {isa = PBXFileReference; lastKnownFileType = text.plist.xml; path = Info.plist; sourceTree = "<group>"; };
		2256BE832B4D734D00DC834A /* Assets.xcassets */ = {isa = PBXFileReference; lastKnownFileType = folder.assetcatalog; path = Assets.xcassets; sourceTree = "<group>"; };
		2256BE8D2B4D798D00DC834A /* Assets.xcassets */ = {isa = PBXFileReference; lastKnownFileType = folder.assetcatalog; name = Assets.xcassets; path = "../../../Downloads/Expense Tracker/Expense Tracker/Assets.xcassets"; sourceTree = "<group>"; };
		225D0B122B491D6600478FFD /* WidgetKit.framework */ = {isa = PBXFileReference; lastKnownFileType = wrapper.framework; name = WidgetKit.framework; path = System/Library/Frameworks/WidgetKit.framework; sourceTree = SDKROOT; };
		225D0B142B491D6600478FFD /* SwiftUI.framework */ = {isa = PBXFileReference; lastKnownFileType = wrapper.framework; name = SwiftUI.framework; path = System/Library/Frameworks/SwiftUI.framework; sourceTree = SDKROOT; };
		225D0B2B2B492D8F00478FFD /* FilterTransactionsView.swift */ = {isa = PBXFileReference; fileEncoding = 4; lastKnownFileType = sourcecode.swift; path = FilterTransactionsView.swift; sourceTree = "<group>"; };
		22661E2E2B6E835600614705 /* Assets.xcassets */ = {isa = PBXFileReference; lastKnownFileType = folder.assetcatalog; name = Assets.xcassets; path = ../../../Downloads/AppIcons/Assets.xcassets; sourceTree = "<group>"; };
		226862282B53082800140536 /* InpensaUITests.xctest */ = {isa = PBXFileReference; explicitFileType = wrapper.cfbundle; includeInIndex = 0; path = InpensaUITests.xctest; sourceTree = BUILT_PRODUCTS_DIR; };
		2268622A2B53082800140536 /* InpensaUITests.swift */ = {isa = PBXFileReference; lastKnownFileType = sourcecode.swift; path = InpensaUITests.swift; sourceTree = "<group>"; };
		2268622C2B53082800140536 /* InpensaUITestsLaunchTests.swift */ = {isa = PBXFileReference; lastKnownFileType = sourcecode.swift; path = InpensaUITestsLaunchTests.swift; sourceTree = "<group>"; };
		22B916B62B2F153D00AE8208 /* Category.swift */ = {isa = PBXFileReference; lastKnownFileType = sourcecode.swift; path = Category.swift; sourceTree = "<group>"; };
		22B916B82B2F15F700AE8208 /* Transaction.swift */ = {isa = PBXFileReference; lastKnownFileType = sourcecode.swift; path = Transaction.swift; sourceTree = "<group>"; };
		22B916BA2B2F188700AE8208 /* TintColor.swift */ = {isa = PBXFileReference; lastKnownFileType = sourcecode.swift; path = TintColor.swift; sourceTree = "<group>"; };
		22B916BC2B31C07A00AE8208 /* Recents.swift */ = {isa = PBXFileReference; lastKnownFileType = sourcecode.swift; path = Recents.swift; sourceTree = "<group>"; };
		22B916BE2B31C09E00AE8208 /* Search.swift */ = {isa = PBXFileReference; lastKnownFileType = sourcecode.swift; path = Search.swift; sourceTree = "<group>"; };
		22B916C02B31C0BF00AE8208 /* Graphs.swift */ = {isa = PBXFileReference; lastKnownFileType = sourcecode.swift; path = Graphs.swift; sourceTree = "<group>"; };
		22B916C22B31C1AF00AE8208 /* Settings.swift */ = {isa = PBXFileReference; lastKnownFileType = sourcecode.swift; path = Settings.swift; sourceTree = "<group>"; };
		22DE18402B698F1B00239FE6 /* Recents2.swift */ = {isa = PBXFileReference; lastKnownFileType = sourcecode.swift; path = Recents2.swift; sourceTree = "<group>"; };
		22DE18422B69935100239FE6 /* Test.swift */ = {isa = PBXFileReference; lastKnownFileType = sourcecode.swift; path = Test.swift; sourceTree = "<group>"; };
		22DE18452B69976500239FE6 /* Assets.xcassets */ = {isa = PBXFileReference; lastKnownFileType = folder.assetcatalog; name = Assets.xcassets; path = ../../../Downloads/ResizableHeader/ResizableHeader/Assets.xcassets; sourceTree = "<group>"; };
		22DE18482B6997EF00239FE6 /* ScrollDetector.swift */ = {isa = PBXFileReference; fileEncoding = 4; lastKnownFileType = sourcecode.swift; path = ScrollDetector.swift; sourceTree = "<group>"; };
		22FA90952B32225200358135 /* View+Extensions.swift */ = {isa = PBXFileReference; lastKnownFileType = sourcecode.swift; path = "View+Extensions.swift"; sourceTree = "<group>"; };
		22FA90972B37268200358135 /* Date+Extensions.swift */ = {isa = PBXFileReference; lastKnownFileType = sourcecode.swift; path = "Date+Extensions.swift"; sourceTree = "<group>"; };
		22FA909A2B37337B00358135 /* CardView.swift */ = {isa = PBXFileReference; lastKnownFileType = sourcecode.swift; path = CardView.swift; sourceTree = "<group>"; };
		22FA909C2B37589A00358135 /* TransactionCardView.swift */ = {isa = PBXFileReference; lastKnownFileType = sourcecode.swift; path = TransactionCardView.swift; sourceTree = "<group>"; };
		22FA909E2B3A04AB00358135 /* SwipeAction.swift */ = {isa = PBXFileReference; fileEncoding = 4; lastKnownFileType = sourcecode.swift; path = SwipeAction.swift; sourceTree = "<group>"; };
		22FA90A02B3A121B00358135 /* DateFilterView.swift */ = {isa = PBXFileReference; lastKnownFileType = sourcecode.swift; path = DateFilterView.swift; sourceTree = "<group>"; };
		22FA90BF2B3D819300358135 /* LockView.swift */ = {isa = PBXFileReference; fileEncoding = 4; lastKnownFileType = sourcecode.swift; path = LockView.swift; sourceTree = "<group>"; };
		22FA90C12B3E3B1C00358135 /* TransactionsView.swift */ = {isa = PBXFileReference; lastKnownFileType = sourcecode.swift; path = TransactionsView.swift; sourceTree = "<group>"; };
/* End PBXFileReference section */

/* Begin PBXFrameworksBuildPhase section */
		224C90D12B293DAC001F4BE7 /* Frameworks */ = {
			isa = PBXFrameworksBuildPhase;
			buildActionMask = 2147483647;
			files = (
			);
			runOnlyForDeploymentPostprocessing = 0;
		};
		224F9DD12B4B9D88000E2D0C /* Frameworks */ = {
			isa = PBXFrameworksBuildPhase;
			buildActionMask = 2147483647;
			files = (
			);
			runOnlyForDeploymentPostprocessing = 0;
		};
		2252221B2B4A345300D8BFB9 /* Frameworks */ = {
			isa = PBXFrameworksBuildPhase;
			buildActionMask = 2147483647;
			files = (
				225222202B4A345300D8BFB9 /* SwiftUI.framework in Frameworks */,
				2252221F2B4A345300D8BFB9 /* WidgetKit.framework in Frameworks */,
			);
			runOnlyForDeploymentPostprocessing = 0;
		};
		226862252B53082800140536 /* Frameworks */ = {
			isa = PBXFrameworksBuildPhase;
			buildActionMask = 2147483647;
			files = (
			);
			runOnlyForDeploymentPostprocessing = 0;
		};
/* End PBXFrameworksBuildPhase section */

/* Begin PBXGroup section */
		224C90CB2B293DAC001F4BE7 = {
			isa = PBXGroup;
			children = (
				225078A22B4B2B6D008752B0 /* StatsCardViewExtension.entitlements */,
				224C90D62B293DAC001F4BE7 /* Inpensa */,
				225222212B4A345300D8BFB9 /* StatsCardView */,
				224F9DD52B4B9D88000E2D0C /* InpensaTests */,
				226862292B53082800140536 /* InpensaUITests */,
				225D0B112B491D6600478FFD /* Frameworks */,
				224C90D52B293DAC001F4BE7 /* Products */,
			);
			sourceTree = "<group>";
		};
		224C90D52B293DAC001F4BE7 /* Products */ = {
			isa = PBXGroup;
			children = (
				224C90D42B293DAC001F4BE7 /* Inpensa.app */,
				2252221E2B4A345300D8BFB9 /* StatsCardViewExtension.appex */,
				224F9DD42B4B9D88000E2D0C /* InpensaTests.xctest */,
				226862282B53082800140536 /* InpensaUITests.xctest */,
			);
			name = Products;
			sourceTree = "<group>";
		};
		224C90D62B293DAC001F4BE7 /* Inpensa */ = {
			isa = PBXGroup;
			children = (
				225078A12B4B1E5C008752B0 /* Inpensa.entitlements */,
				224C90E92B294CD5001F4BE7 /* Helpers */,
				224C90E62B2943E1001F4BE7 /* Model */,
				224C90E52B2943A0001F4BE7 /* Views */,
				224C90D72B293DAC001F4BE7 /* InpensaApp.swift */,
				224C90D92B293DAC001F4BE7 /* ContentView.swift */,
				2256BE8D2B4D798D00DC834A /* Assets.xcassets */,
				22DE18452B69976500239FE6 /* Assets.xcassets */,
				22661E2E2B6E835600614705 /* Assets.xcassets */,
				224C90DD2B293DAE001F4BE7 /* Preview Content */,
			);
			path = Inpensa;
			sourceTree = "<group>";
		};
		224C90DD2B293DAE001F4BE7 /* Preview Content */ = {
			isa = PBXGroup;
			children = (
				2256BE832B4D734D00DC834A /* Assets.xcassets */,
				224C90DE2B293DAE001F4BE7 /* Preview Assets.xcassets */,
			);
			path = "Preview Content";
			sourceTree = "<group>";
		};
		224C90E52B2943A0001F4BE7 /* Views */ = {
			isa = PBXGroup;
			children = (
				22DE18442B6996E700239FE6 /* IHeader */,
				22FA90992B37335F00358135 /* Helpers */,
				224C90E72B294422001F4BE7 /* IntroScene.swift */,
				22B916BC2B31C07A00AE8208 /* Recents.swift */,
				22B916BE2B31C09E00AE8208 /* Search.swift */,
				22B916C02B31C0BF00AE8208 /* Graphs.swift */,
				22B916C22B31C1AF00AE8208 /* Settings.swift */,
				22FA90C12B3E3B1C00358135 /* TransactionsView.swift */,
				22DE18422B69935100239FE6 /* Test.swift */,
			);
			path = Views;
			sourceTree = "<group>";
		};
		224C90E62B2943E1001F4BE7 /* Model */ = {
			isa = PBXGroup;
			children = (
				224C90EC2B2956B5001F4BE7 /* Tab.swift */,
				22B916B62B2F153D00AE8208 /* Category.swift */,
				22B916B82B2F15F700AE8208 /* Transaction.swift */,
				22B916BA2B2F188700AE8208 /* TintColor.swift */,
				2247FEB32B4500A000C8DE1D /* ChartModel.swift */,
			);
			path = Model;
			sourceTree = "<group>";
		};
		224C90E92B294CD5001F4BE7 /* Helpers */ = {
			isa = PBXGroup;
			children = (
				224C90EA2B294CF2001F4BE7 /* Helpers.swift */,
				22FA90952B32225200358135 /* View+Extensions.swift */,
				22FA90972B37268200358135 /* Date+Extensions.swift */,
			);
			path = Helpers;
			sourceTree = "<group>";
		};
		224F9DD52B4B9D88000E2D0C /* InpensaTests */ = {
			isa = PBXGroup;
			children = (
				224F9DD62B4B9D88000E2D0C /* InpensaTests.swift */,
				224F9DDD2B4BACFA000E2D0C /* ModelMockContainer.swift */,
			);
			path = InpensaTests;
			sourceTree = "<group>";
		};
		225222212B4A345300D8BFB9 /* StatsCardView */ = {
			isa = PBXGroup;
			children = (
				225222222B4A345300D8BFB9 /* StatsCardViewBundle.swift */,
				225222242B4A345300D8BFB9 /* StatsCardView.swift */,
				225222282B4A345400D8BFB9 /* Info.plist */,
			);
			path = StatsCardView;
			sourceTree = "<group>";
		};
		225D0B112B491D6600478FFD /* Frameworks */ = {
			isa = PBXGroup;
			children = (
				225D0B122B491D6600478FFD /* WidgetKit.framework */,
				225D0B142B491D6600478FFD /* SwiftUI.framework */,
			);
			name = Frameworks;
			sourceTree = "<group>";
		};
		226862292B53082800140536 /* InpensaUITests */ = {
			isa = PBXGroup;
			children = (
				2268622A2B53082800140536 /* InpensaUITests.swift */,
				2268622C2B53082800140536 /* InpensaUITestsLaunchTests.swift */,
			);
			path = InpensaUITests;
			sourceTree = "<group>";
		};
		22DE18442B6996E700239FE6 /* IHeader */ = {
			isa = PBXGroup;
			children = (
				22DE18472B6997B100239FE6 /* Helper */,
			);
			path = IHeader;
			sourceTree = "<group>";
		};
		22DE18472B6997B100239FE6 /* Helper */ = {
			isa = PBXGroup;
			children = (
				22DE18482B6997EF00239FE6 /* ScrollDetector.swift */,
			);
			path = Helper;
			sourceTree = "<group>";
		};
		22FA90992B37335F00358135 /* Helpers */ = {
			isa = PBXGroup;
			children = (
				225D0B2B2B492D8F00478FFD /* FilterTransactionsView.swift */,
				22FA90BF2B3D819300358135 /* LockView.swift */,
				22FA909E2B3A04AB00358135 /* SwipeAction.swift */,
				22FA909A2B37337B00358135 /* CardView.swift */,
				22FA909C2B37589A00358135 /* TransactionCardView.swift */,
				22FA90A02B3A121B00358135 /* DateFilterView.swift */,
				222967F62B59E4D000A3FB3E /* BlueCardView.swift */,
				22DE18402B698F1B00239FE6 /* Recents2.swift */,
			);
			path = Helpers;
			sourceTree = "<group>";
		};
/* End PBXGroup section */

/* Begin PBXNativeTarget section */
		224C90D32B293DAC001F4BE7 /* Inpensa */ = {
			isa = PBXNativeTarget;
			buildConfigurationList = 224C90E22B293DAE001F4BE7 /* Build configuration list for PBXNativeTarget "Inpensa" */;
			buildPhases = (
				224C90D02B293DAC001F4BE7 /* Sources */,
				224C90D12B293DAC001F4BE7 /* Frameworks */,
				224C90D22B293DAC001F4BE7 /* Resources */,
				225D0B212B491D6800478FFD /* Embed Foundation Extensions */,
			);
			buildRules = (
			);
			dependencies = (
				2252222A2B4A345400D8BFB9 /* PBXTargetDependency */,
			);
			name = Inpensa;
			productName = Inpensa;
			productReference = 224C90D42B293DAC001F4BE7 /* Inpensa.app */;
			productType = "com.apple.product-type.application";
		};
		224F9DD32B4B9D88000E2D0C /* InpensaTests */ = {
			isa = PBXNativeTarget;
			buildConfigurationList = 224F9DDA2B4B9D88000E2D0C /* Build configuration list for PBXNativeTarget "InpensaTests" */;
			buildPhases = (
				224F9DD02B4B9D88000E2D0C /* Sources */,
				224F9DD12B4B9D88000E2D0C /* Frameworks */,
				224F9DD22B4B9D88000E2D0C /* Resources */,
			);
			buildRules = (
			);
			dependencies = (
				224F9DD92B4B9D88000E2D0C /* PBXTargetDependency */,
			);
			name = InpensaTests;
			productName = InpensaTests;
			productReference = 224F9DD42B4B9D88000E2D0C /* InpensaTests.xctest */;
			productType = "com.apple.product-type.bundle.unit-test";
		};
		2252221D2B4A345300D8BFB9 /* StatsCardViewExtension */ = {
			isa = PBXNativeTarget;
			buildConfigurationList = 2252222C2B4A345400D8BFB9 /* Build configuration list for PBXNativeTarget "StatsCardViewExtension" */;
			buildPhases = (
				2252221A2B4A345300D8BFB9 /* Sources */,
				2252221B2B4A345300D8BFB9 /* Frameworks */,
				2252221C2B4A345300D8BFB9 /* Resources */,
			);
			buildRules = (
			);
			dependencies = (
			);
			name = StatsCardViewExtension;
			productName = StatsCardViewExtension;
			productReference = 2252221E2B4A345300D8BFB9 /* StatsCardViewExtension.appex */;
			productType = "com.apple.product-type.app-extension";
		};
		226862272B53082800140536 /* InpensaUITests */ = {
			isa = PBXNativeTarget;
			buildConfigurationList = 226862322B53082800140536 /* Build configuration list for PBXNativeTarget "InpensaUITests" */;
			buildPhases = (
				226862242B53082800140536 /* Sources */,
				226862252B53082800140536 /* Frameworks */,
				226862262B53082800140536 /* Resources */,
			);
			buildRules = (
			);
			dependencies = (
				2268622F2B53082800140536 /* PBXTargetDependency */,
			);
			name = InpensaUITests;
			productName = InpensaUITests;
			productReference = 226862282B53082800140536 /* InpensaUITests.xctest */;
			productType = "com.apple.product-type.bundle.ui-testing";
		};
/* End PBXNativeTarget section */

/* Begin PBXProject section */
		224C90CC2B293DAC001F4BE7 /* Project object */ = {
			isa = PBXProject;
			attributes = {
				BuildIndependentTargetsInParallel = 1;
				LastSwiftUpdateCheck = 1520;
				LastUpgradeCheck = 1500;
				TargetAttributes = {
					224C90D32B293DAC001F4BE7 = {
						CreatedOnToolsVersion = 15.0;
					};
					224F9DD32B4B9D88000E2D0C = {
						CreatedOnToolsVersion = 15.2;
						TestTargetID = 224C90D32B293DAC001F4BE7;
					};
					2252221D2B4A345300D8BFB9 = {
						CreatedOnToolsVersion = 15.2;
					};
					226862272B53082800140536 = {
						CreatedOnToolsVersion = 15.2;
						TestTargetID = 224C90D32B293DAC001F4BE7;
					};
				};
			};
			buildConfigurationList = 224C90CF2B293DAC001F4BE7 /* Build configuration list for PBXProject "Inpensa" */;
			compatibilityVersion = "Xcode 14.0";
			developmentRegion = en;
			hasScannedForEncodings = 0;
			knownRegions = (
				en,
				Base,
			);
			mainGroup = 224C90CB2B293DAC001F4BE7;
			packageReferences = (
				224F9DCD2B4B5CF5000E2D0C /* XCRemoteSwiftPackageReference "SwiftLint" */,
			);
			productRefGroup = 224C90D52B293DAC001F4BE7 /* Products */;
			projectDirPath = "";
			projectRoot = "";
			targets = (
				224C90D32B293DAC001F4BE7 /* Inpensa */,
				2252221D2B4A345300D8BFB9 /* StatsCardViewExtension */,
				224F9DD32B4B9D88000E2D0C /* InpensaTests */,
				226862272B53082800140536 /* InpensaUITests */,
			);
		};
/* End PBXProject section */

/* Begin PBXResourcesBuildPhase section */
		224C90D22B293DAC001F4BE7 /* Resources */ = {
			isa = PBXResourcesBuildPhase;
			buildActionMask = 2147483647;
			files = (
				2256BE842B4D734D00DC834A /* Assets.xcassets in Resources */,
				2256BE8E2B4D798D00DC834A /* Assets.xcassets in Resources */,
				22DE18462B69976500239FE6 /* Assets.xcassets in Resources */,
				224C90DF2B293DAE001F4BE7 /* Preview Assets.xcassets in Resources */,
				22661E2F2B6E835600614705 /* Assets.xcassets in Resources */,
			);
			runOnlyForDeploymentPostprocessing = 0;
		};
		224F9DD22B4B9D88000E2D0C /* Resources */ = {
			isa = PBXResourcesBuildPhase;
			buildActionMask = 2147483647;
			files = (
			);
			runOnlyForDeploymentPostprocessing = 0;
		};
		2252221C2B4A345300D8BFB9 /* Resources */ = {
			isa = PBXResourcesBuildPhase;
			buildActionMask = 2147483647;
			files = (
			);
			runOnlyForDeploymentPostprocessing = 0;
		};
		226862262B53082800140536 /* Resources */ = {
			isa = PBXResourcesBuildPhase;
			buildActionMask = 2147483647;
			files = (
			);
			runOnlyForDeploymentPostprocessing = 0;
		};
/* End PBXResourcesBuildPhase section */

/* Begin PBXSourcesBuildPhase section */
		224C90D02B293DAC001F4BE7 /* Sources */ = {
			isa = PBXSourcesBuildPhase;
			buildActionMask = 2147483647;
			files = (
				22DE18492B6997EF00239FE6 /* ScrollDetector.swift in Sources */,
				22B916BB2B2F188700AE8208 /* TintColor.swift in Sources */,
				22B916BD2B31C07A00AE8208 /* Recents.swift in Sources */,
				22FA90A12B3A121B00358135 /* DateFilterView.swift in Sources */,
				224C90DA2B293DAC001F4BE7 /* ContentView.swift in Sources */,
				224C90E82B294422001F4BE7 /* IntroScene.swift in Sources */,
				225D0B2C2B492D8F00478FFD /* FilterTransactionsView.swift in Sources */,
				22FA909B2B37337B00358135 /* CardView.swift in Sources */,
				22FA909F2B3A04AB00358135 /* SwipeAction.swift in Sources */,
				22B916B92B2F15F700AE8208 /* Transaction.swift in Sources */,
				2247FEB42B4500A000C8DE1D /* ChartModel.swift in Sources */,
				22FA90C22B3E3B1C00358135 /* TransactionsView.swift in Sources */,
				222967F72B59E4D000A3FB3E /* BlueCardView.swift in Sources */,
				224C90ED2B2956B5001F4BE7 /* Tab.swift in Sources */,
				22B916C32B31C1AF00AE8208 /* Settings.swift in Sources */,
				224C90D82B293DAC001F4BE7 /* InpensaApp.swift in Sources */,
				22B916BF2B31C09E00AE8208 /* Search.swift in Sources */,
				22FA90982B37268200358135 /* Date+Extensions.swift in Sources */,
				22FA90962B32225200358135 /* View+Extensions.swift in Sources */,
				22FA90C02B3D819300358135 /* LockView.swift in Sources */,
				224C90EB2B294CF2001F4BE7 /* Helpers.swift in Sources */,
				22B916C12B31C0BF00AE8208 /* Graphs.swift in Sources */,
				22B916B72B2F153D00AE8208 /* Category.swift in Sources */,
				22DE18432B69935100239FE6 /* Test.swift in Sources */,
				22FA909D2B37589A00358135 /* TransactionCardView.swift in Sources */,
				22DE18412B698F1B00239FE6 /* Recents2.swift in Sources */,
			);
			runOnlyForDeploymentPostprocessing = 0;
		};
		224F9DD02B4B9D88000E2D0C /* Sources */ = {
			isa = PBXSourcesBuildPhase;
			buildActionMask = 2147483647;
			files = (
				224F9DD72B4B9D88000E2D0C /* InpensaTests.swift in Sources */,
				224F9DDE2B4BACFA000E2D0C /* ModelMockContainer.swift in Sources */,
				224F9DDF2B4BAEF3000E2D0C /* Transaction.swift in Sources */,
			);
			runOnlyForDeploymentPostprocessing = 0;
		};
		2252221A2B4A345300D8BFB9 /* Sources */ = {
			isa = PBXSourcesBuildPhase;
			buildActionMask = 2147483647;
			files = (
				225222312B4A3A0300D8BFB9 /* FilterTransactionsView.swift in Sources */,
				225222322B4A3A4A00D8BFB9 /* CardView.swift in Sources */,
				225222372B4A3B7100D8BFB9 /* Helpers.swift in Sources */,
				225222332B4A3A7700D8BFB9 /* View+Extensions.swift in Sources */,
				225078A32B4B40A7008752B0 /* StatsCardView.swift in Sources */,
				225222232B4A345300D8BFB9 /* StatsCardViewBundle.swift in Sources */,
				225222342B4A3A9400D8BFB9 /* Date+Extensions.swift in Sources */,
				225222352B4A3AD400D8BFB9 /* Category.swift in Sources */,
				225222392B4A404200D8BFB9 /* TintColor.swift in Sources */,
				225222382B4A3FC900D8BFB9 /* Transaction.swift in Sources */,
			);
			runOnlyForDeploymentPostprocessing = 0;
		};
		226862242B53082800140536 /* Sources */ = {
			isa = PBXSourcesBuildPhase;
			buildActionMask = 2147483647;
			files = (
				2268622B2B53082800140536 /* InpensaUITests.swift in Sources */,
				222285202B53132B00EC378F /* TintColor.swift in Sources */,
				2268622D2B53082800140536 /* InpensaUITestsLaunchTests.swift in Sources */,
			);
			runOnlyForDeploymentPostprocessing = 0;
		};
/* End PBXSourcesBuildPhase section */

/* Begin PBXTargetDependency section */
		224F9DD92B4B9D88000E2D0C /* PBXTargetDependency */ = {
			isa = PBXTargetDependency;
			target = 224C90D32B293DAC001F4BE7 /* Inpensa */;
			targetProxy = 224F9DD82B4B9D88000E2D0C /* PBXContainerItemProxy */;
		};
		2252222A2B4A345400D8BFB9 /* PBXTargetDependency */ = {
			isa = PBXTargetDependency;
			target = 2252221D2B4A345300D8BFB9 /* StatsCardViewExtension */;
			targetProxy = 225222292B4A345400D8BFB9 /* PBXContainerItemProxy */;
		};
		2268622F2B53082800140536 /* PBXTargetDependency */ = {
			isa = PBXTargetDependency;
			target = 224C90D32B293DAC001F4BE7 /* Inpensa */;
			targetProxy = 2268622E2B53082800140536 /* PBXContainerItemProxy */;
		};
/* End PBXTargetDependency section */

/* Begin XCBuildConfiguration section */
		224C90E02B293DAE001F4BE7 /* Debug */ = {
			isa = XCBuildConfiguration;
			buildSettings = {
				ALWAYS_SEARCH_USER_PATHS = NO;
				ASSETCATALOG_COMPILER_GENERATE_SWIFT_ASSET_SYMBOL_EXTENSIONS = YES;
				CLANG_ANALYZER_NONNULL = YES;
				CLANG_ANALYZER_NUMBER_OBJECT_CONVERSION = YES_AGGRESSIVE;
				CLANG_CXX_LANGUAGE_STANDARD = "gnu++20";
				CLANG_ENABLE_MODULES = YES;
				CLANG_ENABLE_OBJC_ARC = YES;
				CLANG_ENABLE_OBJC_WEAK = YES;
				CLANG_WARN_BLOCK_CAPTURE_AUTORELEASING = YES;
				CLANG_WARN_BOOL_CONVERSION = YES;
				CLANG_WARN_COMMA = YES;
				CLANG_WARN_CONSTANT_CONVERSION = YES;
				CLANG_WARN_DEPRECATED_OBJC_IMPLEMENTATIONS = YES;
				CLANG_WARN_DIRECT_OBJC_ISA_USAGE = YES_ERROR;
				CLANG_WARN_DOCUMENTATION_COMMENTS = YES;
				CLANG_WARN_EMPTY_BODY = YES;
				CLANG_WARN_ENUM_CONVERSION = YES;
				CLANG_WARN_INFINITE_RECURSION = YES;
				CLANG_WARN_INT_CONVERSION = YES;
				CLANG_WARN_NON_LITERAL_NULL_CONVERSION = YES;
				CLANG_WARN_OBJC_IMPLICIT_RETAIN_SELF = YES;
				CLANG_WARN_OBJC_LITERAL_CONVERSION = YES;
				CLANG_WARN_OBJC_ROOT_CLASS = YES_ERROR;
				CLANG_WARN_QUOTED_INCLUDE_IN_FRAMEWORK_HEADER = YES;
				CLANG_WARN_RANGE_LOOP_ANALYSIS = YES;
				CLANG_WARN_STRICT_PROTOTYPES = YES;
				CLANG_WARN_SUSPICIOUS_MOVE = YES;
				CLANG_WARN_UNGUARDED_AVAILABILITY = YES_AGGRESSIVE;
				CLANG_WARN_UNREACHABLE_CODE = YES;
				CLANG_WARN__DUPLICATE_METHOD_MATCH = YES;
				COPY_PHASE_STRIP = NO;
				DEBUG_INFORMATION_FORMAT = dwarf;
				ENABLE_STRICT_OBJC_MSGSEND = YES;
				ENABLE_TESTABILITY = YES;
				ENABLE_USER_SCRIPT_SANDBOXING = YES;
				GCC_C_LANGUAGE_STANDARD = gnu17;
				GCC_DYNAMIC_NO_PIC = NO;
				GCC_NO_COMMON_BLOCKS = YES;
				GCC_OPTIMIZATION_LEVEL = 0;
				GCC_PREPROCESSOR_DEFINITIONS = (
					"DEBUG=1",
					"$(inherited)",
				);
				GCC_WARN_64_TO_32_BIT_CONVERSION = YES;
				GCC_WARN_ABOUT_RETURN_TYPE = YES_ERROR;
				GCC_WARN_UNDECLARED_SELECTOR = YES;
				GCC_WARN_UNINITIALIZED_AUTOS = YES_AGGRESSIVE;
				GCC_WARN_UNUSED_FUNCTION = YES;
				GCC_WARN_UNUSED_VARIABLE = YES;
				IPHONEOS_DEPLOYMENT_TARGET = 17.0;
				LOCALIZATION_PREFERS_STRING_CATALOGS = YES;
				MTL_ENABLE_DEBUG_INFO = INCLUDE_SOURCE;
				MTL_FAST_MATH = YES;
				ONLY_ACTIVE_ARCH = YES;
				SDKROOT = iphoneos;
				SWIFT_ACTIVE_COMPILATION_CONDITIONS = "DEBUG $(inherited)";
				SWIFT_OPTIMIZATION_LEVEL = "-Onone";
			};
			name = Debug;
		};
		224C90E12B293DAE001F4BE7 /* Release */ = {
			isa = XCBuildConfiguration;
			buildSettings = {
				ALWAYS_SEARCH_USER_PATHS = NO;
				ASSETCATALOG_COMPILER_GENERATE_SWIFT_ASSET_SYMBOL_EXTENSIONS = YES;
				CLANG_ANALYZER_NONNULL = YES;
				CLANG_ANALYZER_NUMBER_OBJECT_CONVERSION = YES_AGGRESSIVE;
				CLANG_CXX_LANGUAGE_STANDARD = "gnu++20";
				CLANG_ENABLE_MODULES = YES;
				CLANG_ENABLE_OBJC_ARC = YES;
				CLANG_ENABLE_OBJC_WEAK = YES;
				CLANG_WARN_BLOCK_CAPTURE_AUTORELEASING = YES;
				CLANG_WARN_BOOL_CONVERSION = YES;
				CLANG_WARN_COMMA = YES;
				CLANG_WARN_CONSTANT_CONVERSION = YES;
				CLANG_WARN_DEPRECATED_OBJC_IMPLEMENTATIONS = YES;
				CLANG_WARN_DIRECT_OBJC_ISA_USAGE = YES_ERROR;
				CLANG_WARN_DOCUMENTATION_COMMENTS = YES;
				CLANG_WARN_EMPTY_BODY = YES;
				CLANG_WARN_ENUM_CONVERSION = YES;
				CLANG_WARN_INFINITE_RECURSION = YES;
				CLANG_WARN_INT_CONVERSION = YES;
				CLANG_WARN_NON_LITERAL_NULL_CONVERSION = YES;
				CLANG_WARN_OBJC_IMPLICIT_RETAIN_SELF = YES;
				CLANG_WARN_OBJC_LITERAL_CONVERSION = YES;
				CLANG_WARN_OBJC_ROOT_CLASS = YES_ERROR;
				CLANG_WARN_QUOTED_INCLUDE_IN_FRAMEWORK_HEADER = YES;
				CLANG_WARN_RANGE_LOOP_ANALYSIS = YES;
				CLANG_WARN_STRICT_PROTOTYPES = YES;
				CLANG_WARN_SUSPICIOUS_MOVE = YES;
				CLANG_WARN_UNGUARDED_AVAILABILITY = YES_AGGRESSIVE;
				CLANG_WARN_UNREACHABLE_CODE = YES;
				CLANG_WARN__DUPLICATE_METHOD_MATCH = YES;
				COPY_PHASE_STRIP = NO;
				DEBUG_INFORMATION_FORMAT = "dwarf-with-dsym";
				ENABLE_NS_ASSERTIONS = NO;
				ENABLE_STRICT_OBJC_MSGSEND = YES;
				ENABLE_USER_SCRIPT_SANDBOXING = YES;
				GCC_C_LANGUAGE_STANDARD = gnu17;
				GCC_NO_COMMON_BLOCKS = YES;
				GCC_WARN_64_TO_32_BIT_CONVERSION = YES;
				GCC_WARN_ABOUT_RETURN_TYPE = YES_ERROR;
				GCC_WARN_UNDECLARED_SELECTOR = YES;
				GCC_WARN_UNINITIALIZED_AUTOS = YES_AGGRESSIVE;
				GCC_WARN_UNUSED_FUNCTION = YES;
				GCC_WARN_UNUSED_VARIABLE = YES;
				IPHONEOS_DEPLOYMENT_TARGET = 17.0;
				LOCALIZATION_PREFERS_STRING_CATALOGS = YES;
				MTL_ENABLE_DEBUG_INFO = NO;
				MTL_FAST_MATH = YES;
				SDKROOT = iphoneos;
				SWIFT_COMPILATION_MODE = wholemodule;
				VALIDATE_PRODUCT = YES;
			};
			name = Release;
		};
		224C90E32B293DAE001F4BE7 /* Debug */ = {
			isa = XCBuildConfiguration;
			buildSettings = {
				ALWAYS_EMBED_SWIFT_STANDARD_LIBRARIES = YES;
				ASSETCATALOG_COMPILER_APPICON_NAME = AppIcon;
				ASSETCATALOG_COMPILER_GLOBAL_ACCENT_COLOR_NAME = AccentColor;
				CODE_SIGN_ENTITLEMENTS = Inpensa/Inpensa.entitlements;
				CODE_SIGN_STYLE = Automatic;
				CURRENT_PROJECT_VERSION = 1;
				DEVELOPMENT_ASSET_PATHS = "\"Inpensa/Preview Content\"";
				DEVELOPMENT_TEAM = SC6R6MV2N8;
				ENABLE_PREVIEWS = YES;
				GENERATE_INFOPLIST_FILE = YES;
				INFOPLIST_KEY_NSFaceIDUsageDescription = "";
				INFOPLIST_KEY_UIApplicationSceneManifest_Generation = YES;
				INFOPLIST_KEY_UIApplicationSupportsIndirectInputEvents = YES;
				INFOPLIST_KEY_UILaunchScreen_Generation = YES;
				INFOPLIST_KEY_UISupportedInterfaceOrientations_iPad = "UIInterfaceOrientationPortrait UIInterfaceOrientationPortraitUpsideDown UIInterfaceOrientationLandscapeLeft UIInterfaceOrientationLandscapeRight";
				INFOPLIST_KEY_UISupportedInterfaceOrientations_iPhone = "UIInterfaceOrientationPortrait UIInterfaceOrientationLandscapeLeft UIInterfaceOrientationLandscapeRight";
				LD_RUNPATH_SEARCH_PATHS = (
					"$(inherited)",
					"@executable_path/Frameworks",
				);
				MARKETING_VERSION = 0.1.0;
				PRODUCT_BUNDLE_IDENTIFIER = com.beyond2021.Inpensa;
				PRODUCT_NAME = "$(TARGET_NAME)";
				SWIFT_EMIT_LOC_STRINGS = YES;
				SWIFT_VERSION = 5.0;
				TARGETED_DEVICE_FAMILY = "1,2";
			};
			name = Debug;
		};
		224C90E42B293DAE001F4BE7 /* Release */ = {
			isa = XCBuildConfiguration;
			buildSettings = {
				ALWAYS_EMBED_SWIFT_STANDARD_LIBRARIES = YES;
				ASSETCATALOG_COMPILER_APPICON_NAME = AppIcon;
				ASSETCATALOG_COMPILER_GLOBAL_ACCENT_COLOR_NAME = AccentColor;
				CODE_SIGN_ENTITLEMENTS = Inpensa/Inpensa.entitlements;
				CODE_SIGN_STYLE = Automatic;
				CURRENT_PROJECT_VERSION = 1;
				DEVELOPMENT_ASSET_PATHS = "\"Inpensa/Preview Content\"";
				DEVELOPMENT_TEAM = SC6R6MV2N8;
				ENABLE_PREVIEWS = YES;
				GENERATE_INFOPLIST_FILE = YES;
				INFOPLIST_KEY_NSFaceIDUsageDescription = "";
				INFOPLIST_KEY_UIApplicationSceneManifest_Generation = YES;
				INFOPLIST_KEY_UIApplicationSupportsIndirectInputEvents = YES;
				INFOPLIST_KEY_UILaunchScreen_Generation = YES;
				INFOPLIST_KEY_UISupportedInterfaceOrientations_iPad = "UIInterfaceOrientationPortrait UIInterfaceOrientationPortraitUpsideDown UIInterfaceOrientationLandscapeLeft UIInterfaceOrientationLandscapeRight";
				INFOPLIST_KEY_UISupportedInterfaceOrientations_iPhone = "UIInterfaceOrientationPortrait UIInterfaceOrientationLandscapeLeft UIInterfaceOrientationLandscapeRight";
				LD_RUNPATH_SEARCH_PATHS = (
					"$(inherited)",
					"@executable_path/Frameworks",
				);
				MARKETING_VERSION = 0.1.0;
				PRODUCT_BUNDLE_IDENTIFIER = com.beyond2021.Inpensa;
				PRODUCT_NAME = "$(TARGET_NAME)";
				SWIFT_EMIT_LOC_STRINGS = YES;
				SWIFT_VERSION = 5.0;
				TARGETED_DEVICE_FAMILY = "1,2";
			};
			name = Release;
		};
		224F9DDB2B4B9D88000E2D0C /* Debug */ = {
			isa = XCBuildConfiguration;
			buildSettings = {
				BUNDLE_LOADER = "$(TEST_HOST)";
				CODE_SIGN_STYLE = Automatic;
				CURRENT_PROJECT_VERSION = 1;
				DEVELOPMENT_TEAM = SC6R6MV2N8;
				GENERATE_INFOPLIST_FILE = YES;
				IPHONEOS_DEPLOYMENT_TARGET = 17.2;
				MARKETING_VERSION = 1.0;
				PRODUCT_BUNDLE_IDENTIFIER = com.beyond2021.InpensaTests;
				PRODUCT_NAME = "$(TARGET_NAME)";
				SWIFT_EMIT_LOC_STRINGS = NO;
				SWIFT_VERSION = 5.0;
				TARGETED_DEVICE_FAMILY = "1,2";
				TEST_HOST = "$(BUILT_PRODUCTS_DIR)/Inpensa.app/$(BUNDLE_EXECUTABLE_FOLDER_PATH)/Inpensa";
			};
			name = Debug;
		};
		224F9DDC2B4B9D88000E2D0C /* Release */ = {
			isa = XCBuildConfiguration;
			buildSettings = {
				BUNDLE_LOADER = "$(TEST_HOST)";
				CODE_SIGN_STYLE = Automatic;
				CURRENT_PROJECT_VERSION = 1;
				DEVELOPMENT_TEAM = SC6R6MV2N8;
				GENERATE_INFOPLIST_FILE = YES;
				IPHONEOS_DEPLOYMENT_TARGET = 17.2;
				MARKETING_VERSION = 1.0;
				PRODUCT_BUNDLE_IDENTIFIER = com.beyond2021.InpensaTests;
				PRODUCT_NAME = "$(TARGET_NAME)";
				SWIFT_EMIT_LOC_STRINGS = NO;
				SWIFT_VERSION = 5.0;
				TARGETED_DEVICE_FAMILY = "1,2";
				TEST_HOST = "$(BUILT_PRODUCTS_DIR)/Inpensa.app/$(BUNDLE_EXECUTABLE_FOLDER_PATH)/Inpensa";
			};
			name = Release;
		};
		2252222D2B4A345400D8BFB9 /* Debug */ = {
			isa = XCBuildConfiguration;
			buildSettings = {
				ASSETCATALOG_COMPILER_GLOBAL_ACCENT_COLOR_NAME = AccentColor;
				ASSETCATALOG_COMPILER_WIDGET_BACKGROUND_COLOR_NAME = WidgetBackground;
				CODE_SIGN_ENTITLEMENTS = StatsCardViewExtension.entitlements;
				CODE_SIGN_STYLE = Automatic;
				CURRENT_PROJECT_VERSION = 1;
				DEVELOPMENT_TEAM = SC6R6MV2N8;
				GENERATE_INFOPLIST_FILE = YES;
				INFOPLIST_FILE = StatsCardView/Info.plist;
				INFOPLIST_KEY_CFBundleDisplayName = StatsCardView;
				INFOPLIST_KEY_NSHumanReadableCopyright = "";
				IPHONEOS_DEPLOYMENT_TARGET = 17.2;
				LD_RUNPATH_SEARCH_PATHS = (
					"$(inherited)",
					"@executable_path/Frameworks",
					"@executable_path/../../Frameworks",
				);
				MARKETING_VERSION = 1.0;
				PRODUCT_BUNDLE_IDENTIFIER = com.beyond2021.Inpensa.StatsCardView;
				PRODUCT_NAME = "$(TARGET_NAME)";
				SKIP_INSTALL = YES;
				SWIFT_EMIT_LOC_STRINGS = YES;
				SWIFT_VERSION = 5.0;
				TARGETED_DEVICE_FAMILY = "1,2";
			};
			name = Debug;
		};
		2252222E2B4A345400D8BFB9 /* Release */ = {
			isa = XCBuildConfiguration;
			buildSettings = {
				ASSETCATALOG_COMPILER_GLOBAL_ACCENT_COLOR_NAME = AccentColor;
				ASSETCATALOG_COMPILER_WIDGET_BACKGROUND_COLOR_NAME = WidgetBackground;
				CODE_SIGN_ENTITLEMENTS = StatsCardViewExtension.entitlements;
				CODE_SIGN_STYLE = Automatic;
				CURRENT_PROJECT_VERSION = 1;
				DEVELOPMENT_TEAM = SC6R6MV2N8;
				GENERATE_INFOPLIST_FILE = YES;
				INFOPLIST_FILE = StatsCardView/Info.plist;
				INFOPLIST_KEY_CFBundleDisplayName = StatsCardView;
				INFOPLIST_KEY_NSHumanReadableCopyright = "";
				IPHONEOS_DEPLOYMENT_TARGET = 17.2;
				LD_RUNPATH_SEARCH_PATHS = (
					"$(inherited)",
					"@executable_path/Frameworks",
					"@executable_path/../../Frameworks",
				);
				MARKETING_VERSION = 1.0;
				PRODUCT_BUNDLE_IDENTIFIER = com.beyond2021.Inpensa.StatsCardView;
				PRODUCT_NAME = "$(TARGET_NAME)";
				SKIP_INSTALL = YES;
				SWIFT_EMIT_LOC_STRINGS = YES;
				SWIFT_VERSION = 5.0;
				TARGETED_DEVICE_FAMILY = "1,2";
			};
			name = Release;
		};
		226862302B53082800140536 /* Debug */ = {
			isa = XCBuildConfiguration;
			buildSettings = {
				CODE_SIGN_STYLE = Automatic;
				CURRENT_PROJECT_VERSION = 1;
				DEVELOPMENT_TEAM = SC6R6MV2N8;
				GENERATE_INFOPLIST_FILE = YES;
				IPHONEOS_DEPLOYMENT_TARGET = 17.2;
				MARKETING_VERSION = 1.0;
				PRODUCT_BUNDLE_IDENTIFIER = com.beyond2021.InpensaUITests;
				PRODUCT_NAME = "$(TARGET_NAME)";
				SWIFT_EMIT_LOC_STRINGS = NO;
				SWIFT_VERSION = 5.0;
				TARGETED_DEVICE_FAMILY = "1,2";
				TEST_TARGET_NAME = Inpensa;
			};
			name = Debug;
		};
		226862312B53082800140536 /* Release */ = {
			isa = XCBuildConfiguration;
			buildSettings = {
				CODE_SIGN_STYLE = Automatic;
				CURRENT_PROJECT_VERSION = 1;
				DEVELOPMENT_TEAM = SC6R6MV2N8;
				GENERATE_INFOPLIST_FILE = YES;
				IPHONEOS_DEPLOYMENT_TARGET = 17.2;
				MARKETING_VERSION = 1.0;
				PRODUCT_BUNDLE_IDENTIFIER = com.beyond2021.InpensaUITests;
				PRODUCT_NAME = "$(TARGET_NAME)";
				SWIFT_EMIT_LOC_STRINGS = NO;
				SWIFT_VERSION = 5.0;
				TARGETED_DEVICE_FAMILY = "1,2";
				TEST_TARGET_NAME = Inpensa;
			};
			name = Release;
		};
/* End XCBuildConfiguration section */

/* Begin XCConfigurationList section */
		224C90CF2B293DAC001F4BE7 /* Build configuration list for PBXProject "Inpensa" */ = {
			isa = XCConfigurationList;
			buildConfigurations = (
				224C90E02B293DAE001F4BE7 /* Debug */,
				224C90E12B293DAE001F4BE7 /* Release */,
			);
			defaultConfigurationIsVisible = 0;
			defaultConfigurationName = Release;
		};
		224C90E22B293DAE001F4BE7 /* Build configuration list for PBXNativeTarget "Inpensa" */ = {
			isa = XCConfigurationList;
			buildConfigurations = (
				224C90E32B293DAE001F4BE7 /* Debug */,
				224C90E42B293DAE001F4BE7 /* Release */,
			);
			defaultConfigurationIsVisible = 0;
			defaultConfigurationName = Release;
		};
		224F9DDA2B4B9D88000E2D0C /* Build configuration list for PBXNativeTarget "InpensaTests" */ = {
			isa = XCConfigurationList;
			buildConfigurations = (
				224F9DDB2B4B9D88000E2D0C /* Debug */,
				224F9DDC2B4B9D88000E2D0C /* Release */,
			);
			defaultConfigurationIsVisible = 0;
			defaultConfigurationName = Release;
		};
		2252222C2B4A345400D8BFB9 /* Build configuration list for PBXNativeTarget "StatsCardViewExtension" */ = {
			isa = XCConfigurationList;
			buildConfigurations = (
				2252222D2B4A345400D8BFB9 /* Debug */,
				2252222E2B4A345400D8BFB9 /* Release */,
			);
			defaultConfigurationIsVisible = 0;
			defaultConfigurationName = Release;
		};
		226862322B53082800140536 /* Build configuration list for PBXNativeTarget "InpensaUITests" */ = {
			isa = XCConfigurationList;
			buildConfigurations = (
				226862302B53082800140536 /* Debug */,
				226862312B53082800140536 /* Release */,
			);
			defaultConfigurationIsVisible = 0;
			defaultConfigurationName = Release;
		};
/* End XCConfigurationList section */

/* Begin XCRemoteSwiftPackageReference section */
		224F9DCD2B4B5CF5000E2D0C /* XCRemoteSwiftPackageReference "SwiftLint" */ = {
			isa = XCRemoteSwiftPackageReference;
			repositoryURL = "https://github.com/realm/SwiftLint";
			requirement = {
				kind = upToNextMajorVersion;
				minimumVersion = 0.54.0;
			};
		};
/* End XCRemoteSwiftPackageReference section */
	};
	rootObject = 224C90CC2B293DAC001F4BE7 /* Project object */;
}
