// !$*UTF8*$!
{
	archiveVersion = 1;
	classes = {
	};
	objectVersion = 56;
	objects = {

/* Begin PBXBuildFile section */
		224C90D82B293DAC001F4BE7 /* InpensaApp.swift in Sources */ = {isa = PBXBuildFile; fileRef = 224C90D72B293DAC001F4BE7 /* InpensaApp.swift */; };
		224C90DA2B293DAC001F4BE7 /* ContentView.swift in Sources */ = {isa = PBXBuildFile; fileRef = 224C90D92B293DAC001F4BE7 /* ContentView.swift */; };
		224C90DC2B293DAE001F4BE7 /* Assets.xcassets in Resources */ = {isa = PBXBuildFile; fileRef = 224C90DB2B293DAE001F4BE7 /* Assets.xcassets */; };
		224C90DF2B293DAE001F4BE7 /* Preview Assets.xcassets in Resources */ = {isa = PBXBuildFile; fileRef = 224C90DE2B293DAE001F4BE7 /* Preview Assets.xcassets */; };
		224C90E82B294422001F4BE7 /* IntroScene.swift in Sources */ = {isa = PBXBuildFile; fileRef = 224C90E72B294422001F4BE7 /* IntroScene.swift */; };
		224C90EB2B294CF2001F4BE7 /* Helpers.swift in Sources */ = {isa = PBXBuildFile; fileRef = 224C90EA2B294CF2001F4BE7 /* Helpers.swift */; };
		224C90ED2B2956B5001F4BE7 /* Tab.swift in Sources */ = {isa = PBXBuildFile; fileRef = 224C90EC2B2956B5001F4BE7 /* Tab.swift */; };
		22B916B72B2F153D00AE8208 /* Category.swift in Sources */ = {isa = PBXBuildFile; fileRef = 22B916B62B2F153D00AE8208 /* Category.swift */; };
		22B916B92B2F15F700AE8208 /* Transaction.swift in Sources */ = {isa = PBXBuildFile; fileRef = 22B916B82B2F15F700AE8208 /* Transaction.swift */; };
		22B916BB2B2F188700AE8208 /* TintColor.swift in Sources */ = {isa = PBXBuildFile; fileRef = 22B916BA2B2F188700AE8208 /* TintColor.swift */; };
		22B916BD2B31C07A00AE8208 /* Recents.swift in Sources */ = {isa = PBXBuildFile; fileRef = 22B916BC2B31C07A00AE8208 /* Recents.swift */; };
		22B916BF2B31C09E00AE8208 /* Search.swift in Sources */ = {isa = PBXBuildFile; fileRef = 22B916BE2B31C09E00AE8208 /* Search.swift */; };
		22B916C12B31C0BF00AE8208 /* Graphs.swift in Sources */ = {isa = PBXBuildFile; fileRef = 22B916C02B31C0BF00AE8208 /* Graphs.swift */; };
		22B916C32B31C1AF00AE8208 /* Settings.swift in Sources */ = {isa = PBXBuildFile; fileRef = 22B916C22B31C1AF00AE8208 /* Settings.swift */; };
		22CEFD0A2B436175009A2721 /* FilterTransactionsView.swift in Sources */ = {isa = PBXBuildFile; fileRef = 22CEFD092B436175009A2721 /* FilterTransactionsView.swift */; };
		22FA90962B32225200358135 /* View+Extensions.swift in Sources */ = {isa = PBXBuildFile; fileRef = 22FA90952B32225200358135 /* View+Extensions.swift */; };
		22FA90982B37268200358135 /* Date+Extensions.swift in Sources */ = {isa = PBXBuildFile; fileRef = 22FA90972B37268200358135 /* Date+Extensions.swift */; };
		22FA909B2B37337B00358135 /* CardView.swift in Sources */ = {isa = PBXBuildFile; fileRef = 22FA909A2B37337B00358135 /* CardView.swift */; };
		22FA909D2B37589A00358135 /* TransactionCardView.swift in Sources */ = {isa = PBXBuildFile; fileRef = 22FA909C2B37589A00358135 /* TransactionCardView.swift */; };
		22FA909F2B3A04AB00358135 /* SwipeAction.swift in Sources */ = {isa = PBXBuildFile; fileRef = 22FA909E2B3A04AB00358135 /* SwipeAction.swift */; };
		22FA90A12B3A121B00358135 /* DateFilterView.swift in Sources */ = {isa = PBXBuildFile; fileRef = 22FA90A02B3A121B00358135 /* DateFilterView.swift */; };
		22FA90C02B3D819300358135 /* LockView.swift in Sources */ = {isa = PBXBuildFile; fileRef = 22FA90BF2B3D819300358135 /* LockView.swift */; };
		22FA90C22B3E3B1C00358135 /* TransactionsView.swift in Sources */ = {isa = PBXBuildFile; fileRef = 22FA90C12B3E3B1C00358135 /* TransactionsView.swift */; };
/* End PBXBuildFile section */

/* Begin PBXFileReference section */
		224C90D42B293DAC001F4BE7 /* Inpensa.app */ = {isa = PBXFileReference; explicitFileType = wrapper.application; includeInIndex = 0; path = Inpensa.app; sourceTree = BUILT_PRODUCTS_DIR; };
		224C90D72B293DAC001F4BE7 /* InpensaApp.swift */ = {isa = PBXFileReference; lastKnownFileType = sourcecode.swift; path = InpensaApp.swift; sourceTree = "<group>"; };
		224C90D92B293DAC001F4BE7 /* ContentView.swift */ = {isa = PBXFileReference; lastKnownFileType = sourcecode.swift; path = ContentView.swift; sourceTree = "<group>"; };
		224C90DB2B293DAE001F4BE7 /* Assets.xcassets */ = {isa = PBXFileReference; lastKnownFileType = folder.assetcatalog; path = Assets.xcassets; sourceTree = "<group>"; };
		224C90DE2B293DAE001F4BE7 /* Preview Assets.xcassets */ = {isa = PBXFileReference; lastKnownFileType = folder.assetcatalog; path = "Preview Assets.xcassets"; sourceTree = "<group>"; };
		224C90E72B294422001F4BE7 /* IntroScene.swift */ = {isa = PBXFileReference; lastKnownFileType = sourcecode.swift; path = IntroScene.swift; sourceTree = "<group>"; };
		224C90EA2B294CF2001F4BE7 /* Helpers.swift */ = {isa = PBXFileReference; lastKnownFileType = sourcecode.swift; path = Helpers.swift; sourceTree = "<group>"; };
		224C90EC2B2956B5001F4BE7 /* Tab.swift */ = {isa = PBXFileReference; lastKnownFileType = sourcecode.swift; path = Tab.swift; sourceTree = "<group>"; };
		22B916B62B2F153D00AE8208 /* Category.swift */ = {isa = PBXFileReference; lastKnownFileType = sourcecode.swift; path = Category.swift; sourceTree = "<group>"; };
		22B916B82B2F15F700AE8208 /* Transaction.swift */ = {isa = PBXFileReference; lastKnownFileType = sourcecode.swift; path = Transaction.swift; sourceTree = "<group>"; };
		22B916BA2B2F188700AE8208 /* TintColor.swift */ = {isa = PBXFileReference; lastKnownFileType = sourcecode.swift; path = TintColor.swift; sourceTree = "<group>"; };
		22B916BC2B31C07A00AE8208 /* Recents.swift */ = {isa = PBXFileReference; lastKnownFileType = sourcecode.swift; path = Recents.swift; sourceTree = "<group>"; };
		22B916BE2B31C09E00AE8208 /* Search.swift */ = {isa = PBXFileReference; lastKnownFileType = sourcecode.swift; path = Search.swift; sourceTree = "<group>"; };
		22B916C02B31C0BF00AE8208 /* Graphs.swift */ = {isa = PBXFileReference; lastKnownFileType = sourcecode.swift; path = Graphs.swift; sourceTree = "<group>"; };
		22B916C22B31C1AF00AE8208 /* Settings.swift */ = {isa = PBXFileReference; lastKnownFileType = sourcecode.swift; path = Settings.swift; sourceTree = "<group>"; };
		22CEFD092B436175009A2721 /* FilterTransactionsView.swift */ = {isa = PBXFileReference; lastKnownFileType = sourcecode.swift; path = FilterTransactionsView.swift; sourceTree = "<group>"; };
		22FA90952B32225200358135 /* View+Extensions.swift */ = {isa = PBXFileReference; lastKnownFileType = sourcecode.swift; path = "View+Extensions.swift"; sourceTree = "<group>"; };
		22FA90972B37268200358135 /* Date+Extensions.swift */ = {isa = PBXFileReference; lastKnownFileType = sourcecode.swift; path = "Date+Extensions.swift"; sourceTree = "<group>"; };
		22FA909A2B37337B00358135 /* CardView.swift */ = {isa = PBXFileReference; lastKnownFileType = sourcecode.swift; path = CardView.swift; sourceTree = "<group>"; };
		22FA909C2B37589A00358135 /* TransactionCardView.swift */ = {isa = PBXFileReference; lastKnownFileType = sourcecode.swift; path = TransactionCardView.swift; sourceTree = "<group>"; };
		22FA909E2B3A04AB00358135 /* SwipeAction.swift */ = {isa = PBXFileReference; fileEncoding = 4; lastKnownFileType = sourcecode.swift; path = SwipeAction.swift; sourceTree = "<group>"; };
		22FA90A02B3A121B00358135 /* DateFilterView.swift */ = {isa = PBXFileReference; lastKnownFileType = sourcecode.swift; path = DateFilterView.swift; sourceTree = "<group>"; };
		22FA90BF2B3D819300358135 /* LockView.swift */ = {isa = PBXFileReference; fileEncoding = 4; lastKnownFileType = sourcecode.swift; path = LockView.swift; sourceTree = "<group>"; };
		22FA90C12B3E3B1C00358135 /* TransactionsView.swift */ = {isa = PBXFileReference; lastKnownFileType = sourcecode.swift; path = TransactionsView.swift; sourceTree = "<group>"; };
/* End PBXFileReference section */

/* Begin PBXFrameworksBuildPhase section */
		224C90D12B293DAC001F4BE7 /* Frameworks */ = {
			isa = PBXFrameworksBuildPhase;
			buildActionMask = 2147483647;
			files = (
			);
			runOnlyForDeploymentPostprocessing = 0;
		};
/* End PBXFrameworksBuildPhase section */

/* Begin PBXGroup section */
		224C90CB2B293DAC001F4BE7 = {
			isa = PBXGroup;
			children = (
				224C90D62B293DAC001F4BE7 /* Inpensa */,
				224C90D52B293DAC001F4BE7 /* Products */,
			);
			sourceTree = "<group>";
		};
		224C90D52B293DAC001F4BE7 /* Products */ = {
			isa = PBXGroup;
			children = (
				224C90D42B293DAC001F4BE7 /* Inpensa.app */,
			);
			name = Products;
			sourceTree = "<group>";
		};
		224C90D62B293DAC001F4BE7 /* Inpensa */ = {
			isa = PBXGroup;
			children = (
				224C90E92B294CD5001F4BE7 /* Helpers */,
				224C90E62B2943E1001F4BE7 /* Model */,
				224C90E52B2943A0001F4BE7 /* Views */,
				224C90D72B293DAC001F4BE7 /* InpensaApp.swift */,
				224C90D92B293DAC001F4BE7 /* ContentView.swift */,
				224C90DB2B293DAE001F4BE7 /* Assets.xcassets */,
				224C90DD2B293DAE001F4BE7 /* Preview Content */,
			);
			path = Inpensa;
			sourceTree = "<group>";
		};
		224C90DD2B293DAE001F4BE7 /* Preview Content */ = {
			isa = PBXGroup;
			children = (
				224C90DE2B293DAE001F4BE7 /* Preview Assets.xcassets */,
			);
			path = "Preview Content";
			sourceTree = "<group>";
		};
		224C90E52B2943A0001F4BE7 /* Views */ = {
			isa = PBXGroup;
			children = (
				22FA90992B37335F00358135 /* Helpers */,
				224C90E72B294422001F4BE7 /* IntroScene.swift */,
				22B916BC2B31C07A00AE8208 /* Recents.swift */,
				22B916BE2B31C09E00AE8208 /* Search.swift */,
				22B916C02B31C0BF00AE8208 /* Graphs.swift */,
				22B916C22B31C1AF00AE8208 /* Settings.swift */,
				22FA90C12B3E3B1C00358135 /* TransactionsView.swift */,
			);
			path = Views;
			sourceTree = "<group>";
		};
		224C90E62B2943E1001F4BE7 /* Model */ = {
			isa = PBXGroup;
			children = (
				224C90EC2B2956B5001F4BE7 /* Tab.swift */,
				22B916B62B2F153D00AE8208 /* Category.swift */,
				22B916B82B2F15F700AE8208 /* Transaction.swift */,
				22B916BA2B2F188700AE8208 /* TintColor.swift */,
			);
			path = Model;
			sourceTree = "<group>";
		};
		224C90E92B294CD5001F4BE7 /* Helpers */ = {
			isa = PBXGroup;
			children = (
				224C90EA2B294CF2001F4BE7 /* Helpers.swift */,
				22FA90952B32225200358135 /* View+Extensions.swift */,
				22FA90972B37268200358135 /* Date+Extensions.swift */,
			);
			path = Helpers;
			sourceTree = "<group>";
		};
		22FA90992B37335F00358135 /* Helpers */ = {
			isa = PBXGroup;
			children = (
				22FA90BF2B3D819300358135 /* LockView.swift */,
				22FA909E2B3A04AB00358135 /* SwipeAction.swift */,
				22FA909A2B37337B00358135 /* CardView.swift */,
				22FA909C2B37589A00358135 /* TransactionCardView.swift */,
				22FA90A02B3A121B00358135 /* DateFilterView.swift */,
				22CEFD092B436175009A2721 /* FilterTransactionsView.swift */,
			);
			path = Helpers;
			sourceTree = "<group>";
		};
/* End PBXGroup section */

/* Begin PBXNativeTarget section */
		224C90D32B293DAC001F4BE7 /* Inpensa */ = {
			isa = PBXNativeTarget;
			buildConfigurationList = 224C90E22B293DAE001F4BE7 /* Build configuration list for PBXNativeTarget "Inpensa" */;
			buildPhases = (
				224C90D02B293DAC001F4BE7 /* Sources */,
				224C90D12B293DAC001F4BE7 /* Frameworks */,
				224C90D22B293DAC001F4BE7 /* Resources */,
			);
			buildRules = (
			);
			dependencies = (
			);
			name = Inpensa;
			productName = Inpensa;
			productReference = 224C90D42B293DAC001F4BE7 /* Inpensa.app */;
			productType = "com.apple.product-type.application";
		};
/* End PBXNativeTarget section */

/* Begin PBXProject section */
		224C90CC2B293DAC001F4BE7 /* Project object */ = {
			isa = PBXProject;
			attributes = {
				BuildIndependentTargetsInParallel = 1;
				LastSwiftUpdateCheck = 1500;
				LastUpgradeCheck = 1500;
				TargetAttributes = {
					224C90D32B293DAC001F4BE7 = {
						CreatedOnToolsVersion = 15.0;
					};
				};
			};
			buildConfigurationList = 224C90CF2B293DAC001F4BE7 /* Build configuration list for PBXProject "Inpensa" */;
			compatibilityVersion = "Xcode 14.0";
			developmentRegion = en;
			hasScannedForEncodings = 0;
			knownRegions = (
				en,
				Base,
			);
			mainGroup = 224C90CB2B293DAC001F4BE7;
			productRefGroup = 224C90D52B293DAC001F4BE7 /* Products */;
			projectDirPath = "";
			projectRoot = "";
			targets = (
				224C90D32B293DAC001F4BE7 /* Inpensa */,
			);
		};
/* End PBXProject section */

/* Begin PBXResourcesBuildPhase section */
		224C90D22B293DAC001F4BE7 /* Resources */ = {
			isa = PBXResourcesBuildPhase;
			buildActionMask = 2147483647;
			files = (
				224C90DF2B293DAE001F4BE7 /* Preview Assets.xcassets in Resources */,
				224C90DC2B293DAE001F4BE7 /* Assets.xcassets in Resources */,
			);
			runOnlyForDeploymentPostprocessing = 0;
		};
/* End PBXResourcesBuildPhase section */

/* Begin PBXSourcesBuildPhase section */
		224C90D02B293DAC001F4BE7 /* Sources */ = {
			isa = PBXSourcesBuildPhase;
			buildActionMask = 2147483647;
			files = (
				22B916BB2B2F188700AE8208 /* TintColor.swift in Sources */,
				22B916BD2B31C07A00AE8208 /* Recents.swift in Sources */,
				22FA90A12B3A121B00358135 /* DateFilterView.swift in Sources */,
				224C90DA2B293DAC001F4BE7 /* ContentView.swift in Sources */,
				224C90E82B294422001F4BE7 /* IntroScene.swift in Sources */,
				22FA909B2B37337B00358135 /* CardView.swift in Sources */,
				22FA909F2B3A04AB00358135 /* SwipeAction.swift in Sources */,
				22B916B92B2F15F700AE8208 /* Transaction.swift in Sources */,
				22FA90C22B3E3B1C00358135 /* TransactionsView.swift in Sources */,
				224C90ED2B2956B5001F4BE7 /* Tab.swift in Sources */,
				22B916C32B31C1AF00AE8208 /* Settings.swift in Sources */,
				224C90D82B293DAC001F4BE7 /* InpensaApp.swift in Sources */,
				22B916BF2B31C09E00AE8208 /* Search.swift in Sources */,
				22FA90982B37268200358135 /* Date+Extensions.swift in Sources */,
				22FA90962B32225200358135 /* View+Extensions.swift in Sources */,
				22FA90C02B3D819300358135 /* LockView.swift in Sources */,
				224C90EB2B294CF2001F4BE7 /* Helpers.swift in Sources */,
				22B916C12B31C0BF00AE8208 /* Graphs.swift in Sources */,
				22CEFD0A2B436175009A2721 /* FilterTransactionsView.swift in Sources */,
				22B916B72B2F153D00AE8208 /* Category.swift in Sources */,
				22FA909D2B37589A00358135 /* TransactionCardView.swift in Sources */,
			);
			runOnlyForDeploymentPostprocessing = 0;
		};
/* End PBXSourcesBuildPhase section */

/* Begin XCBuildConfiguration section */
		224C90E02B293DAE001F4BE7 /* Debug */ = {
			isa = XCBuildConfiguration;
			buildSettings = {
				ALWAYS_SEARCH_USER_PATHS = NO;
				ASSETCATALOG_COMPILER_GENERATE_SWIFT_ASSET_SYMBOL_EXTENSIONS = YES;
				CLANG_ANALYZER_NONNULL = YES;
				CLANG_ANALYZER_NUMBER_OBJECT_CONVERSION = YES_AGGRESSIVE;
				CLANG_CXX_LANGUAGE_STANDARD = "gnu++20";
				CLANG_ENABLE_MODULES = YES;
				CLANG_ENABLE_OBJC_ARC = YES;
				CLANG_ENABLE_OBJC_WEAK = YES;
				CLANG_WARN_BLOCK_CAPTURE_AUTORELEASING = YES;
				CLANG_WARN_BOOL_CONVERSION = YES;
				CLANG_WARN_COMMA = YES;
				CLANG_WARN_CONSTANT_CONVERSION = YES;
				CLANG_WARN_DEPRECATED_OBJC_IMPLEMENTATIONS = YES;
				CLANG_WARN_DIRECT_OBJC_ISA_USAGE = YES_ERROR;
				CLANG_WARN_DOCUMENTATION_COMMENTS = YES;
				CLANG_WARN_EMPTY_BODY = YES;
				CLANG_WARN_ENUM_CONVERSION = YES;
				CLANG_WARN_INFINITE_RECURSION = YES;
				CLANG_WARN_INT_CONVERSION = YES;
				CLANG_WARN_NON_LITERAL_NULL_CONVERSION = YES;
				CLANG_WARN_OBJC_IMPLICIT_RETAIN_SELF = YES;
				CLANG_WARN_OBJC_LITERAL_CONVERSION = YES;
				CLANG_WARN_OBJC_ROOT_CLASS = YES_ERROR;
				CLANG_WARN_QUOTED_INCLUDE_IN_FRAMEWORK_HEADER = YES;
				CLANG_WARN_RANGE_LOOP_ANALYSIS = YES;
				CLANG_WARN_STRICT_PROTOTYPES = YES;
				CLANG_WARN_SUSPICIOUS_MOVE = YES;
				CLANG_WARN_UNGUARDED_AVAILABILITY = YES_AGGRESSIVE;
				CLANG_WARN_UNREACHABLE_CODE = YES;
				CLANG_WARN__DUPLICATE_METHOD_MATCH = YES;
				COPY_PHASE_STRIP = NO;
				DEBUG_INFORMATION_FORMAT = dwarf;
				ENABLE_STRICT_OBJC_MSGSEND = YES;
				ENABLE_TESTABILITY = YES;
				ENABLE_USER_SCRIPT_SANDBOXING = YES;
				GCC_C_LANGUAGE_STANDARD = gnu17;
				GCC_DYNAMIC_NO_PIC = NO;
				GCC_NO_COMMON_BLOCKS = YES;
				GCC_OPTIMIZATION_LEVEL = 0;
				GCC_PREPROCESSOR_DEFINITIONS = (
					"DEBUG=1",
					"$(inherited)",
				);
				GCC_WARN_64_TO_32_BIT_CONVERSION = YES;
				GCC_WARN_ABOUT_RETURN_TYPE = YES_ERROR;
				GCC_WARN_UNDECLARED_SELECTOR = YES;
				GCC_WARN_UNINITIALIZED_AUTOS = YES_AGGRESSIVE;
				GCC_WARN_UNUSED_FUNCTION = YES;
				GCC_WARN_UNUSED_VARIABLE = YES;
				IPHONEOS_DEPLOYMENT_TARGET = 17.0;
				LOCALIZATION_PREFERS_STRING_CATALOGS = YES;
				MTL_ENABLE_DEBUG_INFO = INCLUDE_SOURCE;
				MTL_FAST_MATH = YES;
				ONLY_ACTIVE_ARCH = YES;
				SDKROOT = iphoneos;
				SWIFT_ACTIVE_COMPILATION_CONDITIONS = "DEBUG $(inherited)";
				SWIFT_OPTIMIZATION_LEVEL = "-Onone";
			};
			name = Debug;
		};
		224C90E12B293DAE001F4BE7 /* Release */ = {
			isa = XCBuildConfiguration;
			buildSettings = {
				ALWAYS_SEARCH_USER_PATHS = NO;
				ASSETCATALOG_COMPILER_GENERATE_SWIFT_ASSET_SYMBOL_EXTENSIONS = YES;
				CLANG_ANALYZER_NONNULL = YES;
				CLANG_ANALYZER_NUMBER_OBJECT_CONVERSION = YES_AGGRESSIVE;
				CLANG_CXX_LANGUAGE_STANDARD = "gnu++20";
				CLANG_ENABLE_MODULES = YES;
				CLANG_ENABLE_OBJC_ARC = YES;
				CLANG_ENABLE_OBJC_WEAK = YES;
				CLANG_WARN_BLOCK_CAPTURE_AUTORELEASING = YES;
				CLANG_WARN_BOOL_CONVERSION = YES;
				CLANG_WARN_COMMA = YES;
				CLANG_WARN_CONSTANT_CONVERSION = YES;
				CLANG_WARN_DEPRECATED_OBJC_IMPLEMENTATIONS = YES;
				CLANG_WARN_DIRECT_OBJC_ISA_USAGE = YES_ERROR;
				CLANG_WARN_DOCUMENTATION_COMMENTS = YES;
				CLANG_WARN_EMPTY_BODY = YES;
				CLANG_WARN_ENUM_CONVERSION = YES;
				CLANG_WARN_INFINITE_RECURSION = YES;
				CLANG_WARN_INT_CONVERSION = YES;
				CLANG_WARN_NON_LITERAL_NULL_CONVERSION = YES;
				CLANG_WARN_OBJC_IMPLICIT_RETAIN_SELF = YES;
				CLANG_WARN_OBJC_LITERAL_CONVERSION = YES;
				CLANG_WARN_OBJC_ROOT_CLASS = YES_ERROR;
				CLANG_WARN_QUOTED_INCLUDE_IN_FRAMEWORK_HEADER = YES;
				CLANG_WARN_RANGE_LOOP_ANALYSIS = YES;
				CLANG_WARN_STRICT_PROTOTYPES = YES;
				CLANG_WARN_SUSPICIOUS_MOVE = YES;
				CLANG_WARN_UNGUARDED_AVAILABILITY = YES_AGGRESSIVE;
				CLANG_WARN_UNREACHABLE_CODE = YES;
				CLANG_WARN__DUPLICATE_METHOD_MATCH = YES;
				COPY_PHASE_STRIP = NO;
				DEBUG_INFORMATION_FORMAT = "dwarf-with-dsym";
				ENABLE_NS_ASSERTIONS = NO;
				ENABLE_STRICT_OBJC_MSGSEND = YES;
				ENABLE_USER_SCRIPT_SANDBOXING = YES;
				GCC_C_LANGUAGE_STANDARD = gnu17;
				GCC_NO_COMMON_BLOCKS = YES;
				GCC_WARN_64_TO_32_BIT_CONVERSION = YES;
				GCC_WARN_ABOUT_RETURN_TYPE = YES_ERROR;
				GCC_WARN_UNDECLARED_SELECTOR = YES;
				GCC_WARN_UNINITIALIZED_AUTOS = YES_AGGRESSIVE;
				GCC_WARN_UNUSED_FUNCTION = YES;
				GCC_WARN_UNUSED_VARIABLE = YES;
				IPHONEOS_DEPLOYMENT_TARGET = 17.0;
				LOCALIZATION_PREFERS_STRING_CATALOGS = YES;
				MTL_ENABLE_DEBUG_INFO = NO;
				MTL_FAST_MATH = YES;
				SDKROOT = iphoneos;
				SWIFT_COMPILATION_MODE = wholemodule;
				VALIDATE_PRODUCT = YES;
			};
			name = Release;
		};
		224C90E32B293DAE001F4BE7 /* Debug */ = {
			isa = XCBuildConfiguration;
			buildSettings = {
				ASSETCATALOG_COMPILER_APPICON_NAME = AppIcon;
				ASSETCATALOG_COMPILER_GLOBAL_ACCENT_COLOR_NAME = AccentColor;
				CODE_SIGN_STYLE = Automatic;
				CURRENT_PROJECT_VERSION = 1;
				DEVELOPMENT_ASSET_PATHS = "\"Inpensa/Preview Content\"";
				DEVELOPMENT_TEAM = SC6R6MV2N8;
				ENABLE_PREVIEWS = YES;
				GENERATE_INFOPLIST_FILE = YES;
				INFOPLIST_KEY_NSFaceIDUsageDescription = "";
				INFOPLIST_KEY_UIApplicationSceneManifest_Generation = YES;
				INFOPLIST_KEY_UIApplicationSupportsIndirectInputEvents = YES;
				INFOPLIST_KEY_UILaunchScreen_Generation = YES;
				INFOPLIST_KEY_UISupportedInterfaceOrientations_iPad = "UIInterfaceOrientationPortrait UIInterfaceOrientationPortraitUpsideDown UIInterfaceOrientationLandscapeLeft UIInterfaceOrientationLandscapeRight";
				INFOPLIST_KEY_UISupportedInterfaceOrientations_iPhone = "UIInterfaceOrientationPortrait UIInterfaceOrientationLandscapeLeft UIInterfaceOrientationLandscapeRight";
				LD_RUNPATH_SEARCH_PATHS = (
					"$(inherited)",
					"@executable_path/Frameworks",
				);
				MARKETING_VERSION = 1.0;
				PRODUCT_BUNDLE_IDENTIFIER = com.beyond2021.Inpensa;
				PRODUCT_NAME = "$(TARGET_NAME)";
				SWIFT_EMIT_LOC_STRINGS = YES;
				SWIFT_VERSION = 5.0;
				TARGETED_DEVICE_FAMILY = "1,2";
			};
			name = Debug;
		};
		224C90E42B293DAE001F4BE7 /* Release */ = {
			isa = XCBuildConfiguration;
			buildSettings = {
				ASSETCATALOG_COMPILER_APPICON_NAME = AppIcon;
				ASSETCATALOG_COMPILER_GLOBAL_ACCENT_COLOR_NAME = AccentColor;
				CODE_SIGN_STYLE = Automatic;
				CURRENT_PROJECT_VERSION = 1;
				DEVELOPMENT_ASSET_PATHS = "\"Inpensa/Preview Content\"";
				DEVELOPMENT_TEAM = SC6R6MV2N8;
				ENABLE_PREVIEWS = YES;
				GENERATE_INFOPLIST_FILE = YES;
				INFOPLIST_KEY_NSFaceIDUsageDescription = "";
				INFOPLIST_KEY_UIApplicationSceneManifest_Generation = YES;
				INFOPLIST_KEY_UIApplicationSupportsIndirectInputEvents = YES;
				INFOPLIST_KEY_UILaunchScreen_Generation = YES;
				INFOPLIST_KEY_UISupportedInterfaceOrientations_iPad = "UIInterfaceOrientationPortrait UIInterfaceOrientationPortraitUpsideDown UIInterfaceOrientationLandscapeLeft UIInterfaceOrientationLandscapeRight";
				INFOPLIST_KEY_UISupportedInterfaceOrientations_iPhone = "UIInterfaceOrientationPortrait UIInterfaceOrientationLandscapeLeft UIInterfaceOrientationLandscapeRight";
				LD_RUNPATH_SEARCH_PATHS = (
					"$(inherited)",
					"@executable_path/Frameworks",
				);
				MARKETING_VERSION = 1.0;
				PRODUCT_BUNDLE_IDENTIFIER = com.beyond2021.Inpensa;
				PRODUCT_NAME = "$(TARGET_NAME)";
				SWIFT_EMIT_LOC_STRINGS = YES;
				SWIFT_VERSION = 5.0;
				TARGETED_DEVICE_FAMILY = "1,2";
			};
			name = Release;
		};
/* End XCBuildConfiguration section */

/* Begin XCConfigurationList section */
		224C90CF2B293DAC001F4BE7 /* Build configuration list for PBXProject "Inpensa" */ = {
			isa = XCConfigurationList;
			buildConfigurations = (
				224C90E02B293DAE001F4BE7 /* Debug */,
				224C90E12B293DAE001F4BE7 /* Release */,
			);
			defaultConfigurationIsVisible = 0;
			defaultConfigurationName = Release;
		};
		224C90E22B293DAE001F4BE7 /* Build configuration list for PBXNativeTarget "Inpensa" */ = {
			isa = XCConfigurationList;
			buildConfigurations = (
				224C90E32B293DAE001F4BE7 /* Debug */,
				224C90E42B293DAE001F4BE7 /* Release */,
			);
			defaultConfigurationIsVisible = 0;
			defaultConfigurationName = Release;
		};
/* End XCConfigurationList section */
	};
	rootObject = 224C90CC2B293DAC001F4BE7 /* Project object */;
}
